
Microsoft Visual Studio Solution File, Format Version 12.00
# Visual Studio Version 17
VisualStudioVersion = 17.11.35327.3
MinimumVisualStudioVersion = 10.0.40219.1
Project("{FAE04EC0-301F-11D3-BF4B-00C04F79EFBC}") = "AttendanceManagementSystem", "AttendanceManagementSystem\AttendanceManagementSystem.csproj", "{B076B96D-9B37-4F00-8F93-116BAEE4A9E9}"
EndProject
Global
	GlobalSection(SolutionConfigurationPlatforms) = preSolution
		Debug|Any CPU = Debug|Any CPU
		Release|Any CPU = Release|Any CPU
	EndGlobalSection
	GlobalSection(ProjectConfigurationPlatforms) = postSolution
		{B076B96D-9B37-4F00-8F93-116BAEE4A9E9}.Debug|Any CPU.ActiveCfg = Debug|Any CPU
		{B076B96D-9B37-4F00-8F93-116BAEE4A9E9}.Debug|Any CPU.Build.0 = Debug|Any CPU
		{B076B96D-9B37-4F00-8F93-116BAEE4A9E9}.Release|Any CPU.ActiveCfg = Release|Any CPU
		{B076B96D-9B37-4F00-8F93-116BAEE4A9E9}.Release|Any CPU.Build.0 = Release|Any CPU
	EndGlobalSection
	GlobalSection(SolutionProperties) = preSolution
		HideSolutionNode = FALSE
	EndGlobalSection
	GlobalSection(ExtensibilityGlobals) = postSolution
		SolutionGuid = {766ADF62-ECC9-4A7F-917D-E32878860F73}
	EndGlobalSection
EndGlobal
